
Microsoft Visual Studio Solution File, Format Version 12.00
# Visual Studio Version 16
VisualStudioVersion = 16.0.30320.27
MinimumVisualStudioVersion = 10.0.40219.1
Project("{FAE04EC0-301F-11D3-BF4B-00C04F79EFBC}") = "ProcessCommunication", "ProcessCommunication\ProcessCommunication.csproj", "{5D0C17EB-FF07-4649-9B41-84C4118B0D2C}"
EndProject
Global
	GlobalSection(SolutionConfigurationPlatforms) = preSolution
		Debug|Any CPU = Debug|Any CPU
		Release|Any CPU = Release|Any CPU
	EndGlobalSection
	GlobalSection(ProjectConfigurationPlatforms) = postSolution
		{5D0C17EB-FF07-4649-9B41-84C4118B0D2C}.Debug|Any CPU.ActiveCfg = Debug|Any CPU
		{5D0C17EB-FF07-4649-9B41-84C4118B0D2C}.Debug|Any CPU.Build.0 = Debug|Any CPU
		{5D0C17EB-FF07-4649-9B41-84C4118B0D2C}.Release|Any CPU.ActiveCfg = Release|Any CPU
		{5D0C17EB-FF07-4649-9B41-84C4118B0D2C}.Release|Any CPU.Build.0 = Release|Any CPU
	EndGlobalSection
	GlobalSection(SolutionProperties) = preSolution
		HideSolutionNode = FALSE
	EndGlobalSection
	GlobalSection(ExtensibilityGlobals) = postSolution
		SolutionGuid = {F6174FDE-2DFD-42B8-A511-CF7B68577320}
	EndGlobalSection
EndGlobal
