
Microsoft Visual Studio Solution File, Format Version 12.00
# Visual Studio Version 16
VisualStudioVersion = 16.0.30320.27
MinimumVisualStudioVersion = 10.0.40219.1
Project("{FAE04EC0-301F-11D3-BF4B-00C04F79EFBC}") = "ProcessCommunication", "ProcessCommunication\ProcessCommunication.csproj", "{5D0C17EB-FF07-4649-9B41-84C4118B0D2C}"
EndProject
Project("{FAE04EC0-301F-11D3-BF4B-00C04F79EFBC}") = "ThreadCommunication", "ThreadCommunication\ThreadCommunication.csproj", "{1E683D79-87DD-44A4-AF5E-7B8A270CEB33}"
EndProject
Project("{FAE04EC0-301F-11D3-BF4B-00C04F79EFBC}") = "MergeMutipleTextFile", "MergeMutipleTextFile\MergeMutipleTextFile.csproj", "{B0EE088A-22DE-4D69-A724-C26A28B5A904}"
EndProject
Project("{8BC9CEB8-8B4A-11D0-8D11-00A0C91BC942}") = "WinRegManipulation", "WinRegManipulation\WinRegManipulation.vcxproj", "{513C93B3-E79B-4153-A75E-4BE8AE299B95}"
EndProject
Project("{FAE04EC0-301F-11D3-BF4B-00C04F79EFBC}") = "WinRegInCSharp", "WinRegInCSharp\WinRegInCSharp.csproj", "{74BDDC14-9FAF-435F-85BA-A188A67F5732}"
EndProject
Project("{8BC9CEB8-8B4A-11D0-8D11-00A0C91BC942}") = "VcSimpleDLL", "VcSimpleDLL\VcSimpleDLL.vcxproj", "{343936D3-DE87-4ADA-A9DA-80F133318B03}"
EndProject
Project("{FAE04EC0-301F-11D3-BF4B-00C04F79EFBC}") = "CallDLL", "CallDLL\CallDLL.csproj", "{6121C633-0BC0-4C67-A399-F92736D4E1E8}"
EndProject
Project("{FAE04EC0-301F-11D3-BF4B-00C04F79EFBC}") = "CSharpSimpleDLL", "CSharpSimpleDLL\CSharpSimpleDLL.csproj", "{72A88D5E-6B9F-49C2-A575-2E53DD4840BC}"
EndProject
Global
	GlobalSection(SolutionConfigurationPlatforms) = preSolution
		Debug|Any CPU = Debug|Any CPU
		Debug|x64 = Debug|x64
		Debug|x86 = Debug|x86
		Release|Any CPU = Release|Any CPU
		Release|x64 = Release|x64
		Release|x86 = Release|x86
	EndGlobalSection
	GlobalSection(ProjectConfigurationPlatforms) = postSolution
		{5D0C17EB-FF07-4649-9B41-84C4118B0D2C}.Debug|Any CPU.ActiveCfg = Debug|Any CPU
		{5D0C17EB-FF07-4649-9B41-84C4118B0D2C}.Debug|Any CPU.Build.0 = Debug|Any CPU
		{5D0C17EB-FF07-4649-9B41-84C4118B0D2C}.Debug|x64.ActiveCfg = Debug|Any CPU
		{5D0C17EB-FF07-4649-9B41-84C4118B0D2C}.Debug|x64.Build.0 = Debug|Any CPU
		{5D0C17EB-FF07-4649-9B41-84C4118B0D2C}.Debug|x86.ActiveCfg = Debug|Any CPU
		{5D0C17EB-FF07-4649-9B41-84C4118B0D2C}.Debug|x86.Build.0 = Debug|Any CPU
		{5D0C17EB-FF07-4649-9B41-84C4118B0D2C}.Release|Any CPU.ActiveCfg = Release|Any CPU
		{5D0C17EB-FF07-4649-9B41-84C4118B0D2C}.Release|Any CPU.Build.0 = Release|Any CPU
		{5D0C17EB-FF07-4649-9B41-84C4118B0D2C}.Release|x64.ActiveCfg = Release|Any CPU
		{5D0C17EB-FF07-4649-9B41-84C4118B0D2C}.Release|x64.Build.0 = Release|Any CPU
		{5D0C17EB-FF07-4649-9B41-84C4118B0D2C}.Release|x86.ActiveCfg = Release|Any CPU
		{5D0C17EB-FF07-4649-9B41-84C4118B0D2C}.Release|x86.Build.0 = Release|Any CPU
		{1E683D79-87DD-44A4-AF5E-7B8A270CEB33}.Debug|Any CPU.ActiveCfg = Debug|Any CPU
		{1E683D79-87DD-44A4-AF5E-7B8A270CEB33}.Debug|Any CPU.Build.0 = Debug|Any CPU
		{1E683D79-87DD-44A4-AF5E-7B8A270CEB33}.Debug|x64.ActiveCfg = Debug|Any CPU
		{1E683D79-87DD-44A4-AF5E-7B8A270CEB33}.Debug|x64.Build.0 = Debug|Any CPU
		{1E683D79-87DD-44A4-AF5E-7B8A270CEB33}.Debug|x86.ActiveCfg = Debug|Any CPU
		{1E683D79-87DD-44A4-AF5E-7B8A270CEB33}.Debug|x86.Build.0 = Debug|Any CPU
		{1E683D79-87DD-44A4-AF5E-7B8A270CEB33}.Release|Any CPU.ActiveCfg = Release|Any CPU
		{1E683D79-87DD-44A4-AF5E-7B8A270CEB33}.Release|Any CPU.Build.0 = Release|Any CPU
		{1E683D79-87DD-44A4-AF5E-7B8A270CEB33}.Release|x64.ActiveCfg = Release|Any CPU
		{1E683D79-87DD-44A4-AF5E-7B8A270CEB33}.Release|x64.Build.0 = Release|Any CPU
		{1E683D79-87DD-44A4-AF5E-7B8A270CEB33}.Release|x86.ActiveCfg = Release|Any CPU
		{1E683D79-87DD-44A4-AF5E-7B8A270CEB33}.Release|x86.Build.0 = Release|Any CPU
		{B0EE088A-22DE-4D69-A724-C26A28B5A904}.Debug|Any CPU.ActiveCfg = Debug|Any CPU
		{B0EE088A-22DE-4D69-A724-C26A28B5A904}.Debug|Any CPU.Build.0 = Debug|Any CPU
		{B0EE088A-22DE-4D69-A724-C26A28B5A904}.Debug|x64.ActiveCfg = Debug|Any CPU
		{B0EE088A-22DE-4D69-A724-C26A28B5A904}.Debug|x64.Build.0 = Debug|Any CPU
		{B0EE088A-22DE-4D69-A724-C26A28B5A904}.Debug|x86.ActiveCfg = Debug|Any CPU
		{B0EE088A-22DE-4D69-A724-C26A28B5A904}.Debug|x86.Build.0 = Debug|Any CPU
		{B0EE088A-22DE-4D69-A724-C26A28B5A904}.Release|Any CPU.ActiveCfg = Release|Any CPU
		{B0EE088A-22DE-4D69-A724-C26A28B5A904}.Release|Any CPU.Build.0 = Release|Any CPU
		{B0EE088A-22DE-4D69-A724-C26A28B5A904}.Release|x64.ActiveCfg = Release|Any CPU
		{B0EE088A-22DE-4D69-A724-C26A28B5A904}.Release|x64.Build.0 = Release|Any CPU
		{B0EE088A-22DE-4D69-A724-C26A28B5A904}.Release|x86.ActiveCfg = Release|Any CPU
		{B0EE088A-22DE-4D69-A724-C26A28B5A904}.Release|x86.Build.0 = Release|Any CPU
		{513C93B3-E79B-4153-A75E-4BE8AE299B95}.Debug|Any CPU.ActiveCfg = Debug|Win32
		{513C93B3-E79B-4153-A75E-4BE8AE299B95}.Debug|x64.ActiveCfg = Debug|x64
		{513C93B3-E79B-4153-A75E-4BE8AE299B95}.Debug|x64.Build.0 = Debug|x64
		{513C93B3-E79B-4153-A75E-4BE8AE299B95}.Debug|x86.ActiveCfg = Debug|Win32
		{513C93B3-E79B-4153-A75E-4BE8AE299B95}.Debug|x86.Build.0 = Debug|Win32
		{513C93B3-E79B-4153-A75E-4BE8AE299B95}.Release|Any CPU.ActiveCfg = Release|Win32
		{513C93B3-E79B-4153-A75E-4BE8AE299B95}.Release|x64.ActiveCfg = Release|x64
		{513C93B3-E79B-4153-A75E-4BE8AE299B95}.Release|x64.Build.0 = Release|x64
		{513C93B3-E79B-4153-A75E-4BE8AE299B95}.Release|x86.ActiveCfg = Release|Win32
		{513C93B3-E79B-4153-A75E-4BE8AE299B95}.Release|x86.Build.0 = Release|Win32
		{74BDDC14-9FAF-435F-85BA-A188A67F5732}.Debug|Any CPU.ActiveCfg = Debug|Any CPU
		{74BDDC14-9FAF-435F-85BA-A188A67F5732}.Debug|Any CPU.Build.0 = Debug|Any CPU
		{74BDDC14-9FAF-435F-85BA-A188A67F5732}.Debug|x64.ActiveCfg = Debug|Any CPU
		{74BDDC14-9FAF-435F-85BA-A188A67F5732}.Debug|x64.Build.0 = Debug|Any CPU
		{74BDDC14-9FAF-435F-85BA-A188A67F5732}.Debug|x86.ActiveCfg = Debug|Any CPU
		{74BDDC14-9FAF-435F-85BA-A188A67F5732}.Debug|x86.Build.0 = Debug|Any CPU
		{74BDDC14-9FAF-435F-85BA-A188A67F5732}.Release|Any CPU.ActiveCfg = Release|Any CPU
		{74BDDC14-9FAF-435F-85BA-A188A67F5732}.Release|Any CPU.Build.0 = Release|Any CPU
		{74BDDC14-9FAF-435F-85BA-A188A67F5732}.Release|x64.ActiveCfg = Release|Any CPU
		{74BDDC14-9FAF-435F-85BA-A188A67F5732}.Release|x64.Build.0 = Release|Any CPU
		{74BDDC14-9FAF-435F-85BA-A188A67F5732}.Release|x86.ActiveCfg = Release|Any CPU
		{74BDDC14-9FAF-435F-85BA-A188A67F5732}.Release|x86.Build.0 = Release|Any CPU
		{343936D3-DE87-4ADA-A9DA-80F133318B03}.Debug|Any CPU.ActiveCfg = Debug|Win32
		{343936D3-DE87-4ADA-A9DA-80F133318B03}.Debug|x64.ActiveCfg = Debug|x64
		{343936D3-DE87-4ADA-A9DA-80F133318B03}.Debug|x64.Build.0 = Debug|x64
		{343936D3-DE87-4ADA-A9DA-80F133318B03}.Debug|x86.ActiveCfg = Debug|Win32
		{343936D3-DE87-4ADA-A9DA-80F133318B03}.Debug|x86.Build.0 = Debug|Win32
		{343936D3-DE87-4ADA-A9DA-80F133318B03}.Release|Any CPU.ActiveCfg = Release|Win32
		{343936D3-DE87-4ADA-A9DA-80F133318B03}.Release|x64.ActiveCfg = Release|x64
		{343936D3-DE87-4ADA-A9DA-80F133318B03}.Release|x64.Build.0 = Release|x64
		{343936D3-DE87-4ADA-A9DA-80F133318B03}.Release|x86.ActiveCfg = Release|Win32
		{343936D3-DE87-4ADA-A9DA-80F133318B03}.Release|x86.Build.0 = Release|Win32
		{6121C633-0BC0-4C67-A399-F92736D4E1E8}.Debug|Any CPU.ActiveCfg = Debug|Any CPU
		{6121C633-0BC0-4C67-A399-F92736D4E1E8}.Debug|Any CPU.Build.0 = Debug|Any CPU
		{6121C633-0BC0-4C67-A399-F92736D4E1E8}.Debug|x64.ActiveCfg = Debug|Any CPU
		{6121C633-0BC0-4C67-A399-F92736D4E1E8}.Debug|x64.Build.0 = Debug|Any CPU
		{6121C633-0BC0-4C67-A399-F92736D4E1E8}.Debug|x86.ActiveCfg = Debug|Any CPU
		{6121C633-0BC0-4C67-A399-F92736D4E1E8}.Debug|x86.Build.0 = Debug|Any CPU
		{6121C633-0BC0-4C67-A399-F92736D4E1E8}.Release|Any CPU.ActiveCfg = Release|Any CPU
		{6121C633-0BC0-4C67-A399-F92736D4E1E8}.Release|Any CPU.Build.0 = Release|Any CPU
		{6121C633-0BC0-4C67-A399-F92736D4E1E8}.Release|x64.ActiveCfg = Release|Any CPU
		{6121C633-0BC0-4C67-A399-F92736D4E1E8}.Release|x64.Build.0 = Release|Any CPU
		{6121C633-0BC0-4C67-A399-F92736D4E1E8}.Release|x86.ActiveCfg = Release|Any CPU
		{6121C633-0BC0-4C67-A399-F92736D4E1E8}.Release|x86.Build.0 = Release|Any CPU
		{72A88D5E-6B9F-49C2-A575-2E53DD4840BC}.Debug|Any CPU.ActiveCfg = Debug|Any CPU
		{72A88D5E-6B9F-49C2-A575-2E53DD4840BC}.Debug|Any CPU.Build.0 = Debug|Any CPU
		{72A88D5E-6B9F-49C2-A575-2E53DD4840BC}.Debug|x64.ActiveCfg = Debug|Any CPU
		{72A88D5E-6B9F-49C2-A575-2E53DD4840BC}.Debug|x64.Build.0 = Debug|Any CPU
		{72A88D5E-6B9F-49C2-A575-2E53DD4840BC}.Debug|x86.ActiveCfg = Debug|Any CPU
		{72A88D5E-6B9F-49C2-A575-2E53DD4840BC}.Debug|x86.Build.0 = Debug|Any CPU
		{72A88D5E-6B9F-49C2-A575-2E53DD4840BC}.Release|Any CPU.ActiveCfg = Release|Any CPU
		{72A88D5E-6B9F-49C2-A575-2E53DD4840BC}.Release|Any CPU.Build.0 = Release|Any CPU
		{72A88D5E-6B9F-49C2-A575-2E53DD4840BC}.Release|x64.ActiveCfg = Release|Any CPU
		{72A88D5E-6B9F-49C2-A575-2E53DD4840BC}.Release|x64.Build.0 = Release|Any CPU
		{72A88D5E-6B9F-49C2-A575-2E53DD4840BC}.Release|x86.ActiveCfg = Release|Any CPU
		{72A88D5E-6B9F-49C2-A575-2E53DD4840BC}.Release|x86.Build.0 = Release|Any CPU
	EndGlobalSection
	GlobalSection(SolutionProperties) = preSolution
		HideSolutionNode = FALSE
	EndGlobalSection
	GlobalSection(ExtensibilityGlobals) = postSolution
		SolutionGuid = {F6174FDE-2DFD-42B8-A511-CF7B68577320}
	EndGlobalSection
EndGlobal
